
Microsoft Visual Studio Solution File, Format Version 12.00
# Visual Studio Version 16
VisualStudioVersion = 16.0.29411.108
MinimumVisualStudioVersion = 10.0.40219.1
Project("{9A19103F-16F7-4668-BE54-9A1E7A4F7556}") = "ePozoriste.WebAPI", "ePozoristeee-WebAPI\ePozoriste.WebAPI.csproj", "{3E4E6058-FA08-4DED-B415-9A3DBD7DFE87}"
EndProject
Project("{9A19103F-16F7-4668-BE54-9A1E7A4F7556}") = "ePozoriste.Model", "ePozoriste.Model\ePozoriste.Model.csproj", "{46CE4977-3AAB-4C4F-A015-04414004C51C}"
EndProject
Project("{2150E333-8FDC-42A3-9474-1A3956D46DE8}") = "UI", "UI", "{66044B55-4369-4200-A662-FE241E507810}"
EndProject
Project("{FAE04EC0-301F-11D3-BF4B-00C04F79EFBC}") = "ePozoriste.WinUI", "ePozoriste.WinUI\ePozoriste.WinUI.csproj", "{7DDF65AC-F0C5-4A8E-92B3-054244656159}"
EndProject
Project("{2150E333-8FDC-42A3-9474-1A3956D46DE8}") = "EPozoriste.Mobile", "EPozoriste.Mobile", "{B0CF1F95-A79B-4A43-A93F-2EBA5D334754}"
EndProject
Project("{FAE04EC0-301F-11D3-BF4B-00C04F79EFBC}") = "Pozoriste.Mobile.UWP", "Pozoriste.Mobile\Pozoriste.Mobile.UWP\Pozoriste.Mobile.UWP.csproj", "{9B0EE476-768C-4192-BA5A-95E489AFFE05}"
EndProject
Project("{9A19103F-16F7-4668-BE54-9A1E7A4F7556}") = "Pozoriste.Mobile", "Pozoriste.Mobile\Pozoriste.Mobile\Pozoriste.Mobile.csproj", "{97DC426F-8798-4912-91BF-02C3729BB17E}"
EndProject
Global
	GlobalSection(SolutionConfigurationPlatforms) = preSolution
		Debug|Any CPU = Debug|Any CPU
		Debug|ARM = Debug|ARM
		Debug|ARM64 = Debug|ARM64
		Debug|iPhone = Debug|iPhone
		Debug|iPhoneSimulator = Debug|iPhoneSimulator
		Debug|x64 = Debug|x64
		Debug|x86 = Debug|x86
		Release|Any CPU = Release|Any CPU
		Release|ARM = Release|ARM
		Release|ARM64 = Release|ARM64
		Release|iPhone = Release|iPhone
		Release|iPhoneSimulator = Release|iPhoneSimulator
		Release|x64 = Release|x64
		Release|x86 = Release|x86
	EndGlobalSection
	GlobalSection(ProjectConfigurationPlatforms) = postSolution
		{3E4E6058-FA08-4DED-B415-9A3DBD7DFE87}.Debug|Any CPU.ActiveCfg = Debug|Any CPU
		{3E4E6058-FA08-4DED-B415-9A3DBD7DFE87}.Debug|Any CPU.Build.0 = Debug|Any CPU
		{3E4E6058-FA08-4DED-B415-9A3DBD7DFE87}.Debug|ARM.ActiveCfg = Debug|Any CPU
		{3E4E6058-FA08-4DED-B415-9A3DBD7DFE87}.Debug|ARM.Build.0 = Debug|Any CPU
		{3E4E6058-FA08-4DED-B415-9A3DBD7DFE87}.Debug|ARM64.ActiveCfg = Debug|Any CPU
		{3E4E6058-FA08-4DED-B415-9A3DBD7DFE87}.Debug|ARM64.Build.0 = Debug|Any CPU
		{3E4E6058-FA08-4DED-B415-9A3DBD7DFE87}.Debug|iPhone.ActiveCfg = Debug|Any CPU
		{3E4E6058-FA08-4DED-B415-9A3DBD7DFE87}.Debug|iPhone.Build.0 = Debug|Any CPU
		{3E4E6058-FA08-4DED-B415-9A3DBD7DFE87}.Debug|iPhoneSimulator.ActiveCfg = Debug|Any CPU
		{3E4E6058-FA08-4DED-B415-9A3DBD7DFE87}.Debug|iPhoneSimulator.Build.0 = Debug|Any CPU
		{3E4E6058-FA08-4DED-B415-9A3DBD7DFE87}.Debug|x64.ActiveCfg = Debug|Any CPU
		{3E4E6058-FA08-4DED-B415-9A3DBD7DFE87}.Debug|x64.Build.0 = Debug|Any CPU
		{3E4E6058-FA08-4DED-B415-9A3DBD7DFE87}.Debug|x86.ActiveCfg = Debug|Any CPU
		{3E4E6058-FA08-4DED-B415-9A3DBD7DFE87}.Debug|x86.Build.0 = Debug|Any CPU
		{3E4E6058-FA08-4DED-B415-9A3DBD7DFE87}.Release|Any CPU.ActiveCfg = Release|Any CPU
		{3E4E6058-FA08-4DED-B415-9A3DBD7DFE87}.Release|Any CPU.Build.0 = Release|Any CPU
		{3E4E6058-FA08-4DED-B415-9A3DBD7DFE87}.Release|ARM.ActiveCfg = Release|Any CPU
		{3E4E6058-FA08-4DED-B415-9A3DBD7DFE87}.Release|ARM.Build.0 = Release|Any CPU
		{3E4E6058-FA08-4DED-B415-9A3DBD7DFE87}.Release|ARM64.ActiveCfg = Release|Any CPU
		{3E4E6058-FA08-4DED-B415-9A3DBD7DFE87}.Release|ARM64.Build.0 = Release|Any CPU
		{3E4E6058-FA08-4DED-B415-9A3DBD7DFE87}.Release|iPhone.ActiveCfg = Release|Any CPU
		{3E4E6058-FA08-4DED-B415-9A3DBD7DFE87}.Release|iPhone.Build.0 = Release|Any CPU
		{3E4E6058-FA08-4DED-B415-9A3DBD7DFE87}.Release|iPhoneSimulator.ActiveCfg = Release|Any CPU
		{3E4E6058-FA08-4DED-B415-9A3DBD7DFE87}.Release|iPhoneSimulator.Build.0 = Release|Any CPU
		{3E4E6058-FA08-4DED-B415-9A3DBD7DFE87}.Release|x64.ActiveCfg = Release|Any CPU
		{3E4E6058-FA08-4DED-B415-9A3DBD7DFE87}.Release|x64.Build.0 = Release|Any CPU
		{3E4E6058-FA08-4DED-B415-9A3DBD7DFE87}.Release|x86.ActiveCfg = Release|Any CPU
		{3E4E6058-FA08-4DED-B415-9A3DBD7DFE87}.Release|x86.Build.0 = Release|Any CPU
		{46CE4977-3AAB-4C4F-A015-04414004C51C}.Debug|Any CPU.ActiveCfg = Debug|Any CPU
		{46CE4977-3AAB-4C4F-A015-04414004C51C}.Debug|Any CPU.Build.0 = Debug|Any CPU
		{46CE4977-3AAB-4C4F-A015-04414004C51C}.Debug|ARM.ActiveCfg = Debug|Any CPU
		{46CE4977-3AAB-4C4F-A015-04414004C51C}.Debug|ARM.Build.0 = Debug|Any CPU
		{46CE4977-3AAB-4C4F-A015-04414004C51C}.Debug|ARM64.ActiveCfg = Debug|Any CPU
		{46CE4977-3AAB-4C4F-A015-04414004C51C}.Debug|ARM64.Build.0 = Debug|Any CPU
		{46CE4977-3AAB-4C4F-A015-04414004C51C}.Debug|iPhone.ActiveCfg = Debug|Any CPU
		{46CE4977-3AAB-4C4F-A015-04414004C51C}.Debug|iPhone.Build.0 = Debug|Any CPU
		{46CE4977-3AAB-4C4F-A015-04414004C51C}.Debug|iPhoneSimulator.ActiveCfg = Debug|Any CPU
		{46CE4977-3AAB-4C4F-A015-04414004C51C}.Debug|iPhoneSimulator.Build.0 = Debug|Any CPU
		{46CE4977-3AAB-4C4F-A015-04414004C51C}.Debug|x64.ActiveCfg = Debug|Any CPU
		{46CE4977-3AAB-4C4F-A015-04414004C51C}.Debug|x64.Build.0 = Debug|Any CPU
		{46CE4977-3AAB-4C4F-A015-04414004C51C}.Debug|x86.ActiveCfg = Debug|Any CPU
		{46CE4977-3AAB-4C4F-A015-04414004C51C}.Debug|x86.Build.0 = Debug|Any CPU
		{46CE4977-3AAB-4C4F-A015-04414004C51C}.Release|Any CPU.ActiveCfg = Release|Any CPU
		{46CE4977-3AAB-4C4F-A015-04414004C51C}.Release|Any CPU.Build.0 = Release|Any CPU
		{46CE4977-3AAB-4C4F-A015-04414004C51C}.Release|ARM.ActiveCfg = Release|Any CPU
		{46CE4977-3AAB-4C4F-A015-04414004C51C}.Release|ARM.Build.0 = Release|Any CPU
		{46CE4977-3AAB-4C4F-A015-04414004C51C}.Release|ARM64.ActiveCfg = Release|Any CPU
		{46CE4977-3AAB-4C4F-A015-04414004C51C}.Release|ARM64.Build.0 = Release|Any CPU
		{46CE4977-3AAB-4C4F-A015-04414004C51C}.Release|iPhone.ActiveCfg = Release|Any CPU
		{46CE4977-3AAB-4C4F-A015-04414004C51C}.Release|iPhone.Build.0 = Release|Any CPU
		{46CE4977-3AAB-4C4F-A015-04414004C51C}.Release|iPhoneSimulator.ActiveCfg = Release|Any CPU
		{46CE4977-3AAB-4C4F-A015-04414004C51C}.Release|iPhoneSimulator.Build.0 = Release|Any CPU
		{46CE4977-3AAB-4C4F-A015-04414004C51C}.Release|x64.ActiveCfg = Release|Any CPU
		{46CE4977-3AAB-4C4F-A015-04414004C51C}.Release|x64.Build.0 = Release|Any CPU
		{46CE4977-3AAB-4C4F-A015-04414004C51C}.Release|x86.ActiveCfg = Release|Any CPU
		{46CE4977-3AAB-4C4F-A015-04414004C51C}.Release|x86.Build.0 = Release|Any CPU
		{7DDF65AC-F0C5-4A8E-92B3-054244656159}.Debug|Any CPU.ActiveCfg = Debug|Any CPU
		{7DDF65AC-F0C5-4A8E-92B3-054244656159}.Debug|Any CPU.Build.0 = Debug|Any CPU
		{7DDF65AC-F0C5-4A8E-92B3-054244656159}.Debug|ARM.ActiveCfg = Debug|Any CPU
		{7DDF65AC-F0C5-4A8E-92B3-054244656159}.Debug|ARM.Build.0 = Debug|Any CPU
		{7DDF65AC-F0C5-4A8E-92B3-054244656159}.Debug|ARM64.ActiveCfg = Debug|Any CPU
		{7DDF65AC-F0C5-4A8E-92B3-054244656159}.Debug|ARM64.Build.0 = Debug|Any CPU
		{7DDF65AC-F0C5-4A8E-92B3-054244656159}.Debug|iPhone.ActiveCfg = Debug|Any CPU
		{7DDF65AC-F0C5-4A8E-92B3-054244656159}.Debug|iPhone.Build.0 = Debug|Any CPU
		{7DDF65AC-F0C5-4A8E-92B3-054244656159}.Debug|iPhoneSimulator.ActiveCfg = Debug|Any CPU
		{7DDF65AC-F0C5-4A8E-92B3-054244656159}.Debug|iPhoneSimulator.Build.0 = Debug|Any CPU
		{7DDF65AC-F0C5-4A8E-92B3-054244656159}.Debug|x64.ActiveCfg = Debug|Any CPU
		{7DDF65AC-F0C5-4A8E-92B3-054244656159}.Debug|x64.Build.0 = Debug|Any CPU
		{7DDF65AC-F0C5-4A8E-92B3-054244656159}.Debug|x86.ActiveCfg = Debug|Any CPU
		{7DDF65AC-F0C5-4A8E-92B3-054244656159}.Debug|x86.Build.0 = Debug|Any CPU
		{7DDF65AC-F0C5-4A8E-92B3-054244656159}.Release|Any CPU.ActiveCfg = Release|Any CPU
		{7DDF65AC-F0C5-4A8E-92B3-054244656159}.Release|Any CPU.Build.0 = Release|Any CPU
		{7DDF65AC-F0C5-4A8E-92B3-054244656159}.Release|ARM.ActiveCfg = Release|Any CPU
		{7DDF65AC-F0C5-4A8E-92B3-054244656159}.Release|ARM.Build.0 = Release|Any CPU
		{7DDF65AC-F0C5-4A8E-92B3-054244656159}.Release|ARM64.ActiveCfg = Release|Any CPU
		{7DDF65AC-F0C5-4A8E-92B3-054244656159}.Release|ARM64.Build.0 = Release|Any CPU
		{7DDF65AC-F0C5-4A8E-92B3-054244656159}.Release|iPhone.ActiveCfg = Release|Any CPU
		{7DDF65AC-F0C5-4A8E-92B3-054244656159}.Release|iPhone.Build.0 = Release|Any CPU
		{7DDF65AC-F0C5-4A8E-92B3-054244656159}.Release|iPhoneSimulator.ActiveCfg = Release|Any CPU
		{7DDF65AC-F0C5-4A8E-92B3-054244656159}.Release|iPhoneSimulator.Build.0 = Release|Any CPU
		{7DDF65AC-F0C5-4A8E-92B3-054244656159}.Release|x64.ActiveCfg = Release|Any CPU
		{7DDF65AC-F0C5-4A8E-92B3-054244656159}.Release|x64.Build.0 = Release|Any CPU
		{7DDF65AC-F0C5-4A8E-92B3-054244656159}.Release|x86.ActiveCfg = Release|Any CPU
		{7DDF65AC-F0C5-4A8E-92B3-054244656159}.Release|x86.Build.0 = Release|Any CPU
		{9B0EE476-768C-4192-BA5A-95E489AFFE05}.Debug|Any CPU.ActiveCfg = Debug|x86
		{9B0EE476-768C-4192-BA5A-95E489AFFE05}.Debug|Any CPU.Build.0 = Debug|x86
		{9B0EE476-768C-4192-BA5A-95E489AFFE05}.Debug|Any CPU.Deploy.0 = Debug|x86
		{9B0EE476-768C-4192-BA5A-95E489AFFE05}.Debug|ARM.ActiveCfg = Debug|ARM
		{9B0EE476-768C-4192-BA5A-95E489AFFE05}.Debug|ARM.Build.0 = Debug|ARM
		{9B0EE476-768C-4192-BA5A-95E489AFFE05}.Debug|ARM.Deploy.0 = Debug|ARM
		{9B0EE476-768C-4192-BA5A-95E489AFFE05}.Debug|ARM64.ActiveCfg = Debug|x86
		{9B0EE476-768C-4192-BA5A-95E489AFFE05}.Debug|iPhone.ActiveCfg = Debug|x86
		{9B0EE476-768C-4192-BA5A-95E489AFFE05}.Debug|iPhoneSimulator.ActiveCfg = Debug|x86
		{9B0EE476-768C-4192-BA5A-95E489AFFE05}.Debug|x64.ActiveCfg = Debug|x64
		{9B0EE476-768C-4192-BA5A-95E489AFFE05}.Debug|x64.Build.0 = Debug|x64
		{9B0EE476-768C-4192-BA5A-95E489AFFE05}.Debug|x64.Deploy.0 = Debug|x64
		{9B0EE476-768C-4192-BA5A-95E489AFFE05}.Debug|x86.ActiveCfg = Debug|x86
		{9B0EE476-768C-4192-BA5A-95E489AFFE05}.Debug|x86.Build.0 = Debug|x86
		{9B0EE476-768C-4192-BA5A-95E489AFFE05}.Debug|x86.Deploy.0 = Debug|x86
		{9B0EE476-768C-4192-BA5A-95E489AFFE05}.Release|Any CPU.ActiveCfg = Release|x86
		{9B0EE476-768C-4192-BA5A-95E489AFFE05}.Release|ARM.ActiveCfg = Release|ARM
		{9B0EE476-768C-4192-BA5A-95E489AFFE05}.Release|ARM.Build.0 = Release|ARM
		{9B0EE476-768C-4192-BA5A-95E489AFFE05}.Release|ARM.Deploy.0 = Release|ARM
		{9B0EE476-768C-4192-BA5A-95E489AFFE05}.Release|ARM64.ActiveCfg = Release|x86
		{9B0EE476-768C-4192-BA5A-95E489AFFE05}.Release|iPhone.ActiveCfg = Release|x86
		{9B0EE476-768C-4192-BA5A-95E489AFFE05}.Release|iPhoneSimulator.ActiveCfg = Release|x86
		{9B0EE476-768C-4192-BA5A-95E489AFFE05}.Release|x64.ActiveCfg = Release|x64
		{9B0EE476-768C-4192-BA5A-95E489AFFE05}.Release|x64.Build.0 = Release|x64
		{9B0EE476-768C-4192-BA5A-95E489AFFE05}.Release|x64.Deploy.0 = Release|x64
		{9B0EE476-768C-4192-BA5A-95E489AFFE05}.Release|x86.ActiveCfg = Release|x86
		{9B0EE476-768C-4192-BA5A-95E489AFFE05}.Release|x86.Build.0 = Release|x86
		{9B0EE476-768C-4192-BA5A-95E489AFFE05}.Release|x86.Deploy.0 = Release|x86
		{97DC426F-8798-4912-91BF-02C3729BB17E}.Debug|Any CPU.ActiveCfg = Debug|Any CPU
		{97DC426F-8798-4912-91BF-02C3729BB17E}.Debug|Any CPU.Build.0 = Debug|Any CPU
		{97DC426F-8798-4912-91BF-02C3729BB17E}.Debug|ARM.ActiveCfg = Debug|Any CPU
		{97DC426F-8798-4912-91BF-02C3729BB17E}.Debug|ARM.Build.0 = Debug|Any CPU
		{97DC426F-8798-4912-91BF-02C3729BB17E}.Debug|ARM64.ActiveCfg = Debug|Any CPU
		{97DC426F-8798-4912-91BF-02C3729BB17E}.Debug|ARM64.Build.0 = Debug|Any CPU
		{97DC426F-8798-4912-91BF-02C3729BB17E}.Debug|iPhone.ActiveCfg = Debug|Any CPU
		{97DC426F-8798-4912-91BF-02C3729BB17E}.Debug|iPhone.Build.0 = Debug|Any CPU
		{97DC426F-8798-4912-91BF-02C3729BB17E}.Debug|iPhoneSimulator.ActiveCfg = Debug|Any CPU
		{97DC426F-8798-4912-91BF-02C3729BB17E}.Debug|iPhoneSimulator.Build.0 = Debug|Any CPU
		{97DC426F-8798-4912-91BF-02C3729BB17E}.Debug|x64.ActiveCfg = Debug|Any CPU
		{97DC426F-8798-4912-91BF-02C3729BB17E}.Debug|x64.Build.0 = Debug|Any CPU
		{97DC426F-8798-4912-91BF-02C3729BB17E}.Debug|x86.ActiveCfg = Debug|Any CPU
		{97DC426F-8798-4912-91BF-02C3729BB17E}.Debug|x86.Build.0 = Debug|Any CPU
		{97DC426F-8798-4912-91BF-02C3729BB17E}.Release|Any CPU.ActiveCfg = Release|Any CPU
		{97DC426F-8798-4912-91BF-02C3729BB17E}.Release|Any CPU.Build.0 = Release|Any CPU
		{97DC426F-8798-4912-91BF-02C3729BB17E}.Release|ARM.ActiveCfg = Release|Any CPU
		{97DC426F-8798-4912-91BF-02C3729BB17E}.Release|ARM.Build.0 = Release|Any CPU
		{97DC426F-8798-4912-91BF-02C3729BB17E}.Release|ARM64.ActiveCfg = Release|Any CPU
		{97DC426F-8798-4912-91BF-02C3729BB17E}.Release|ARM64.Build.0 = Release|Any CPU
		{97DC426F-8798-4912-91BF-02C3729BB17E}.Release|iPhone.ActiveCfg = Release|Any CPU
		{97DC426F-8798-4912-91BF-02C3729BB17E}.Release|iPhone.Build.0 = Release|Any CPU
		{97DC426F-8798-4912-91BF-02C3729BB17E}.Release|iPhoneSimulator.ActiveCfg = Release|Any CPU
		{97DC426F-8798-4912-91BF-02C3729BB17E}.Release|iPhoneSimulator.Build.0 = Release|Any CPU
		{97DC426F-8798-4912-91BF-02C3729BB17E}.Release|x64.ActiveCfg = Release|Any CPU
		{97DC426F-8798-4912-91BF-02C3729BB17E}.Release|x64.Build.0 = Release|Any CPU
		{97DC426F-8798-4912-91BF-02C3729BB17E}.Release|x86.ActiveCfg = Release|Any CPU
		{97DC426F-8798-4912-91BF-02C3729BB17E}.Release|x86.Build.0 = Release|Any CPU
	EndGlobalSection
	GlobalSection(SolutionProperties) = preSolution
		HideSolutionNode = FALSE
	EndGlobalSection
	GlobalSection(NestedProjects) = preSolution
		{7DDF65AC-F0C5-4A8E-92B3-054244656159} = {66044B55-4369-4200-A662-FE241E507810}
		{9B0EE476-768C-4192-BA5A-95E489AFFE05} = {B0CF1F95-A79B-4A43-A93F-2EBA5D334754}
		{97DC426F-8798-4912-91BF-02C3729BB17E} = {B0CF1F95-A79B-4A43-A93F-2EBA5D334754}
	EndGlobalSection
	GlobalSection(ExtensibilityGlobals) = postSolution
		SolutionGuid = {B6AC3A9F-B6E6-4F81-A04D-FED208C7B4D5}
	EndGlobalSection
EndGlobal
